<Solution>
  <Folder Name="/labs/" />
  <Folder Name="/labs/F0-M01-hello/" />
  <Folder Name="/labs/F0-M01-hello/src/">
    <Project Path="labs/F0-M01-hello/src/F0M01.Hello/F0M01.Hello.csproj" />
  </Folder>
  <Folder Name="/labs/F0-M01-hello/tests/">
    <Project Path="labs/F0-M01-hello/tests/F0M01.Hello.Tests/F0M01.Hello.Tests.csproj" />
  </Folder>
  <Folder Name="/labs/F1-M01-csharp-moderno/" />
  <Folder Name="/labs/F1-M01-csharp-moderno/src/">
    <Project Path="labs/F1-M01-csharp-moderno/src/F1M01.CSharpModerno/F1M01.CSharpModerno.csproj" />
  </Folder>
  <Folder Name="/labs/F1-M01-csharp-moderno/tests/">
    <Project Path="labs/F1-M01-csharp-moderno/tests/F1M01.CSharpModerno.Tests/F1M01.CSharpModerno.Tests.csproj" />
  </Folder>
  <Folder Name="/labs/F1-M02-generics-colecoes/" />
  <Folder Name="/labs/F1-M02-generics-colecoes/src/">
    <Project Path="labs/F1-M02-generics-colecoes/src/F1M02.Colecoes/F1M02.Colecoes.csproj" />
  </Folder>
  <Folder Name="/labs/F1-M02-generics-colecoes/tests/">
    <Project Path="labs/F1-M02-generics-colecoes/tests/F1M02.Colecoes.Tests/F1M02.Colecoes.Tests.csproj" />
  </Folder>
  <Folder Name="/labs/F1-M03-async-cancelamento/" />
  <Folder Name="/labs/F1-M03-async-cancelamento/src/">
    <Project Path="labs/F1-M03-async-cancelamento/src/F1M03.Async/F1M03.Async.csproj" />
  </Folder>
  <Folder Name="/labs/F1-M03-async-cancelamento/tests/">
    <Project Path="labs/F1-M03-async-cancelamento/tests/F1M03.Async.Tests/F1M03.Async.Tests.csproj" />
  </Folder>
  <Folder Name="/labs/F1-M04-linq/" />
  <Folder Name="/labs/F1-M04-linq/benchmarks/">
    <Project Path="labs/F1-M04-linq/benchmarks/F1M04.Linq.Benchmarks/F1M04.Linq.Benchmarks.csproj" />
  </Folder>
  <Folder Name="/labs/F1-M04-linq/src/">
    <Project Path="labs/F1-M04-linq/src/F1M04.Linq/F1M04.Linq.csproj" />
  </Folder>
  <Folder Name="/labs/F1-M04-linq/tests/">
    <Project Path="labs/F1-M04-linq/tests/F1M04.Linq.Tests/F1M04.Linq.Tests.csproj" />
  </Folder>
  <Folder Name="/labs/F1-M05-memoria-span/" />
  <Folder Name="/labs/F1-M05-memoria-span/src/">
    <Project Path="labs/F1-M05-memoria-span/src/F1M05.Memoria/F1M05.Memoria.csproj" />
  </Folder>
  <Folder Name="/labs/F1-M05-memoria-span/tests/">
    <Project Path="labs/F1-M05-memoria-span/tests/F1M05.Memoria.Tests/F1M05.Memoria.Tests.csproj" />
  </Folder>
  <Folder Name="/labs/F1-M06-di-generic-host/" />
  <Folder Name="/labs/F1-M06-di-generic-host/src/">
    <Project Path="labs/F1-M06-di-generic-host/src/F1M06.Hosting/F1M06.Hosting.csproj" />
  </Folder>
  <Folder Name="/labs/F1-M06-di-generic-host/tests/">
    <Project Path="labs/F1-M06-di-generic-host/tests/F1M06.Hosting.Tests/F1M06.Hosting.Tests.csproj" />
  </Folder>
  <Folder Name="/labs/F1-M07-aspnetcore-api/" />
  <Folder Name="/labs/F1-M07-aspnetcore-api/src/">
    <Project Path="labs/F1-M07-aspnetcore-api/src/F1M07.Api/F1M07.Api.csproj" />
  </Folder>
  <Folder Name="/labs/F1-M07-aspnetcore-api/tests/">
    <Project Path="labs/F1-M07-aspnetcore-api/tests/F1M07.Api.Tests/F1M07.Api.Tests.csproj" />
  </Folder>
  <Folder Name="/labs/F1-M08-config-options-logging/" />
  <Folder Name="/labs/F1-M08-config-options-logging/src/">
    <Project Path="labs/F1-M08-config-options-logging/src/F1M08.Config/F1M08.Config.csproj" />
  </Folder>
  <Folder Name="/labs/F1-M08-config-options-logging/tests/">
    <Project Path="labs/F1-M08-config-options-logging/tests/F1M08.Config.Tests/F1M08.Config.Tests.csproj" />
  </Folder>
  <Folder Name="/labs/F2-M01-clean-code/" />
  <Folder Name="/labs/F2-M01-clean-code/src/">
    <Project Path="labs/F2-M01-clean-code/src/F2M01.CleanCode/F2M01.CleanCode.csproj" />
  </Folder>
  <Folder Name="/labs/F2-M01-clean-code/tests/">
    <Project Path="labs/F2-M01-clean-code/tests/F2M01.CleanCode.Tests/F2M01.CleanCode.Tests.csproj" />
  </Folder>
  <Folder Name="/labs/F2-M02-solid/" />
  <Folder Name="/labs/F2-M02-solid/src/">
    <Project Path="labs/F2-M02-solid/src/F2M02.Solid/F2M02.Solid.csproj" />
  </Folder>
  <Folder Name="/labs/F2-M02-solid/tests/">
    <Project Path="labs/F2-M02-solid/tests/F2M02.Solid.Tests/F2M02.Solid.Tests.csproj" />
  </Folder>
  <Folder Name="/labs/F2-M03-code-smells/" />
  <Folder Name="/labs/F2-M03-code-smells/src/">
    <Project Path="labs/F2-M03-code-smells/src/F2M03.CodeSmells/F2M03.CodeSmells.csproj" />
  </Folder>
  <Folder Name="/labs/F2-M03-code-smells/tests/">
    <Project Path="labs/F2-M03-code-smells/tests/F2M03.CodeSmells.Tests/F2M03.CodeSmells.Tests.csproj" />
  </Folder>
  <Folder Name="/labs/F2-M04-refatoracao/" />
  <Folder Name="/labs/F2-M04-refatoracao/src/">
    <Project Path="labs/F2-M04-refatoracao/src/F2M04.Refatoracao/F2M04.Refatoracao.csproj" />
  </Folder>
  <Folder Name="/labs/F2-M04-refatoracao/tests/">
    <Project Path="labs/F2-M04-refatoracao/tests/F2M04.Refatoracao.Tests/F2M04.Refatoracao.Tests.csproj" />
  </Folder>
  <Folder Name="/labs/F2-M05-tdd/" />
  <Folder Name="/labs/F2-M05-tdd/src/">
    <Project Path="labs/F2-M05-tdd/src/F2M05.Tdd/F2M05.Tdd.csproj" />
  </Folder>
  <Folder Name="/labs/F2-M05-tdd/tests/">
    <Project Path="labs/F2-M05-tdd/tests/F2M05.Tdd.Tests/F2M05.Tdd.Tests.csproj" />
  </Folder>
  <Folder Name="/labs/F2-M06-testes-unitarios/" />
  <Folder Name="/labs/F2-M06-testes-unitarios/src/">
    <Project Path="labs/F2-M06-testes-unitarios/src/F2M06.TestesUnitarios/F2M06.TestesUnitarios.csproj" />
  </Folder>
  <Folder Name="/labs/F2-M06-testes-unitarios/tests/">
    <Project Path="labs/F2-M06-testes-unitarios/tests/F2M06.TestesUnitarios.Tests/F2M06.TestesUnitarios.Tests.csproj" />
  </Folder>
  <Folder Name="/labs/F2-M07-testes-integracao/" />
  <Folder Name="/labs/F2-M07-testes-integracao/src/">
    <Project Path="labs/F2-M07-testes-integracao/src/F2M07.Api/F2M07.Api.csproj" />
  </Folder>
  <Folder Name="/labs/F2-M07-testes-integracao/tests/">
    <Project Path="labs/F2-M07-testes-integracao/tests/F2M07.Api.Tests/F2M07.Api.Tests.csproj" />
  </Folder>
  <Folder Name="/labs/F2-M08-arquitetura-mutacao/" />
  <Folder Name="/labs/F2-M08-arquitetura-mutacao/src/">
    <Project Path="labs/F2-M08-arquitetura-mutacao/src/F2M08.Application/F2M08.Application.csproj" />
    <Project Path="labs/F2-M08-arquitetura-mutacao/src/F2M08.Domain/F2M08.Domain.csproj" />
    <Project Path="labs/F2-M08-arquitetura-mutacao/src/F2M08.Infrastructure/F2M08.Infrastructure.csproj" />
  </Folder>
  <Folder Name="/labs/F2-M08-arquitetura-mutacao/tests/">
    <Project Path="labs/F2-M08-arquitetura-mutacao/tests/F2M08.Arquitetura.Tests/F2M08.Arquitetura.Tests.csproj" />
    <Project Path="labs/F2-M08-arquitetura-mutacao/tests/F2M08.Domain.Tests/F2M08.Domain.Tests.csproj" />
  </Folder>
  <Folder Name="/labs/F3-M01-modelagem-sql/" />
  <Folder Name="/labs/F3-M01-modelagem-sql/src/">
    <Project Path="labs/F3-M01-modelagem-sql/src/F3M01.Sql/F3M01.Sql.csproj" />
  </Folder>
  <Folder Name="/labs/F3-M01-modelagem-sql/tests/">
    <Project Path="labs/F3-M01-modelagem-sql/tests/F3M01.Sql.Tests/F3M01.Sql.Tests.csproj" />
  </Folder>
  <Folder Name="/labs/F3-M02-indices-planos/" />
  <Folder Name="/labs/F3-M02-indices-planos/src/">
    <Project Path="labs/F3-M02-indices-planos/src/F3M02.Indices/F3M02.Indices.csproj" />
  </Folder>
  <Folder Name="/labs/F3-M02-indices-planos/tests/">
    <Project Path="labs/F3-M02-indices-planos/tests/F3M02.Indices.Tests/F3M02.Indices.Tests.csproj" />
  </Folder>
  <Folder Name="/labs/F3-M03-transacoes-locks/" />
  <Folder Name="/labs/F3-M03-transacoes-locks/src/">
    <Project Path="labs/F3-M03-transacoes-locks/src/F3M03.Transacoes/F3M03.Transacoes.csproj" />
  </Folder>
  <Folder Name="/labs/F3-M03-transacoes-locks/tests/">
    <Project Path="labs/F3-M03-transacoes-locks/tests/F3M03.Transacoes.Tests/F3M03.Transacoes.Tests.csproj" />
  </Folder>
  <Folder Name="/labs/F3-M04-efcore/" />
  <Folder Name="/labs/F3-M04-efcore/src/">
    <Project Path="labs/F3-M04-efcore/src/F3M04.EfCore/F3M04.EfCore.csproj" />
  </Folder>
  <Folder Name="/labs/F3-M04-efcore/tests/">
    <Project Path="labs/F3-M04-efcore/tests/F3M04.EfCore.Tests/F3M04.EfCore.Tests.csproj" />
  </Folder>
  <Folder Name="/labs/F3-M05-efcore-avancado/" />
  <Folder Name="/labs/F3-M05-efcore-avancado/src/">
    <Project Path="labs/F3-M05-efcore-avancado/src/F3M05.EfAvancado/F3M05.EfAvancado.csproj" />
  </Folder>
  <Folder Name="/labs/F3-M05-efcore-avancado/tests/">
    <Project Path="labs/F3-M05-efcore-avancado/tests/F3M05.EfAvancado.Tests/F3M05.EfAvancado.Tests.csproj" />
  </Folder>
  <Folder Name="/labs/F3-M06-dapper/" />
  <Folder Name="/labs/F3-M06-dapper/benchmarks/">
    <Project Path="labs/F3-M06-dapper/benchmarks/F3M06.Dapper.Benchmarks/F3M06.Dapper.Benchmarks.csproj" />
  </Folder>
  <Folder Name="/labs/F3-M06-dapper/src/">
    <Project Path="labs/F3-M06-dapper/src/F3M06.Dapper/F3M06.Dapper.csproj" />
  </Folder>
  <Folder Name="/labs/F3-M06-dapper/tests/">
    <Project Path="labs/F3-M06-dapper/tests/F3M06.Dapper.Tests/F3M06.Dapper.Tests.csproj" />
  </Folder>
  <Folder Name="/labs/F3-M07-migrations-paginacao/" />
  <Folder Name="/labs/F3-M07-migrations-paginacao/src/">
    <Project Path="labs/F3-M07-migrations-paginacao/src/F3M07.Dados/F3M07.Dados.csproj" />
  </Folder>
  <Folder Name="/labs/F3-M07-migrations-paginacao/tests/">
    <Project Path="labs/F3-M07-migrations-paginacao/tests/F3M07.Dados.Tests/F3M07.Dados.Tests.csproj" />
  </Folder>
  <Folder Name="/labs/P-M01-estruturas-de-dados/" />
  <Folder Name="/labs/P-M01-estruturas-de-dados/src/">
    <Project Path="labs/P-M01-estruturas-de-dados/src/PM01.Estruturas/PM01.Estruturas.csproj" />
  </Folder>
  <Folder Name="/labs/P-M01-estruturas-de-dados/tests/">
    <Project Path="labs/P-M01-estruturas-de-dados/tests/PM01.Estruturas.Tests/PM01.Estruturas.Tests.csproj" />
  </Folder>
  <Folder Name="/labs/P-M02-leetcode/" />
  <Folder Name="/labs/P-M02-leetcode/src/">
    <Project Path="labs/P-M02-leetcode/src/PM02.LeetCode/PM02.LeetCode.csproj" />
  </Folder>
  <Folder Name="/labs/P-M02-leetcode/tests/">
    <Project Path="labs/P-M02-leetcode/tests/PM02.LeetCode.Tests/PM02.LeetCode.Tests.csproj" />
  </Folder>
  <Folder Name="/projetos/" />
  <Folder Name="/projetos/MP2-ordercalc-legado/" />
  <Folder Name="/projetos/MP2-ordercalc-legado/src/">
    <Project Path="projetos/MP2-ordercalc-legado/src/MP2.OrderCalc/MP2.OrderCalc.csproj" />
  </Folder>
  <Folder Name="/projetos/MP2-ordercalc-legado/tests/">
    <Project Path="projetos/MP2-ordercalc-legado/tests/MP2.OrderCalc.Tests/MP2.OrderCalc.Tests.csproj" />
  </Folder>
</Solution>
